{
  "version": 1,
  "dependencies": {
    ".NETFramework,Version=v4.8.1": {
      "JsonPoke": {
        "type": "Transitive",
        "resolved": "1.2.0",
        "contentHash": "AW7iyzudTA4VzW3pYjTzy+MucrF+wUWKQulqx/EnqvlqLwVseNk2nqlWpTRySItQCgBv0w7o/dqTN4wj0tWJhA=="
      },
      "backgroundthrust": {
        "type": "Project",
        "dependencies": {
          "JsonPoke": "[1.2.0, )"
        }
      }
    }
  }
}